// !$*UTF8*$!
{
	archiveVersion = 1;
	classes = {
	};
	objectVersion = 56;
	objects = {

/* Begin PBXBuildFile section */
		CEF1FD762C6298B900E016A5 /* VeggieKitchenApp.swift in Sources */ = {isa = PBXBuildFile; fileRef = CEF1FD752C6298B900E016A5 /* VeggieKitchenApp.swift */; };
		CEF1FD782C6298B900E016A5 /* ContentView.swift in Sources */ = {isa = PBXBuildFile; fileRef = CEF1FD772C6298B900E016A5 /* ContentView.swift */; };
		CEF1FD7A2C6298B900E016A5 /* Item.swift in Sources */ = {isa = PBXBuildFile; fileRef = CEF1FD792C6298B900E016A5 /* Item.swift */; };
		CEF1FD7C2C6298BB00E016A5 /* Assets.xcassets in Resources */ = {isa = PBXBuildFile; fileRef = CEF1FD7B2C6298BB00E016A5 /* Assets.xcassets */; };
		CEF1FD7F2C6298BB00E016A5 /* Preview Assets.xcassets in Resources */ = {isa = PBXBuildFile; fileRef = CEF1FD7E2C6298BB00E016A5 /* Preview Assets.xcassets */; };
		CEF1FD892C6298BC00E016A5 /* VeggieKitchenTests.swift in Sources */ = {isa = PBXBuildFile; fileRef = CEF1FD882C6298BC00E016A5 /* VeggieKitchenTests.swift */; };
		CEF1FD932C6298BC00E016A5 /* VeggieKitchenUITests.swift in Sources */ = {isa = PBXBuildFile; fileRef = CEF1FD922C6298BC00E016A5 /* VeggieKitchenUITests.swift */; };
		CEF1FD952C6298BC00E016A5 /* VeggieKitchenUITestsLaunchTests.swift in Sources */ = {isa = PBXBuildFile; fileRef = CEF1FD942C6298BC00E016A5 /* VeggieKitchenUITestsLaunchTests.swift */; };
		CEF1FDBE2C6299FE00E016A5 /* MockRecipesService.swift in Sources */ = {isa = PBXBuildFile; fileRef = CEF1FDA62C6299FE00E016A5 /* MockRecipesService.swift */; };
		CEF1FDBF2C6299FE00E016A5 /* NetWorking.swift in Sources */ = {isa = PBXBuildFile; fileRef = CEF1FDA82C6299FE00E016A5 /* NetWorking.swift */; };
		CEF1FDC12C6299FE00E016A5 /* GetSingleRecipe.swift in Sources */ = {isa = PBXBuildFile; fileRef = CEF1FDAC2C6299FE00E016A5 /* GetSingleRecipe.swift */; };
		CEF1FDC22C6299FE00E016A5 /* RealRecipesService.swift in Sources */ = {isa = PBXBuildFile; fileRef = CEF1FDAD2C6299FE00E016A5 /* RealRecipesService.swift */; };
		CEF1FDC32C6299FE00E016A5 /* RecipeListLoader.swift in Sources */ = {isa = PBXBuildFile; fileRef = CEF1FDAE2C6299FE00E016A5 /* RecipeListLoader.swift */; };
		CEF1FDC42C6299FE00E016A5 /* RecipesService.swift in Sources */ = {isa = PBXBuildFile; fileRef = CEF1FDAF2C6299FE00E016A5 /* RecipesService.swift */; };
		CEF1FDC52C6299FE00E016A5 /* CalendarManager .swift in Sources */ = {isa = PBXBuildFile; fileRef = CEF1FDB12C6299FE00E016A5 /* CalendarManager .swift */; };
		CEF1FDC62C6299FE00E016A5 /* CalendarViewController.swift in Sources */ = {isa = PBXBuildFile; fileRef = CEF1FDB22C6299FE00E016A5 /* CalendarViewController.swift */; };
		CEF1FDC72C6299FE00E016A5 /* HTMLTextView.swift in Sources */ = {isa = PBXBuildFile; fileRef = CEF1FDB42C6299FE00E016A5 /* HTMLTextView.swift */; };
		CEF1FDC82C6299FE00E016A5 /* ImageLoader.swift in Sources */ = {isa = PBXBuildFile; fileRef = CEF1FDB52C6299FE00E016A5 /* ImageLoader.swift */; };
		CEF1FDC92C6299FE00E016A5 /* Ingredient.swift in Sources */ = {isa = PBXBuildFile; fileRef = CEF1FDB72C6299FE00E016A5 /* Ingredient.swift */; };
		CEF1FDCA2C6299FE00E016A5 /* Recipe.swift in Sources */ = {isa = PBXBuildFile; fileRef = CEF1FDB82C6299FE00E016A5 /* Recipe.swift */; };
		CEF1FDCB2C6299FE00E016A5 /* Recipes.swift in Sources */ = {isa = PBXBuildFile; fileRef = CEF1FDB92C6299FE00E016A5 /* Recipes.swift */; };
		CEF1FDCC2C6299FE00E016A5 /* RowRecipes.swift in Sources */ = {isa = PBXBuildFile; fileRef = CEF1FDBA2C6299FE00E016A5 /* RowRecipes.swift */; };
		CEF1FDCD2C6299FE00E016A5 /* IngredientMeal.swift in Sources */ = {isa = PBXBuildFile; fileRef = CEF1FDBD2C6299FE00E016A5 /* IngredientMeal.swift */; };
		CEF1FDD02C629A3300E016A5 /* IngredientsModelView.swift in Sources */ = {isa = PBXBuildFile; fileRef = CEF1FDCE2C629A3300E016A5 /* IngredientsModelView.swift */; };
		CEF1FDD12C629A3300E016A5 /* SingleRecipeModelView.swift in Sources */ = {isa = PBXBuildFile; fileRef = CEF1FDCF2C629A3300E016A5 /* SingleRecipeModelView.swift */; };
		CEF1FDD52C629A4C00E016A5 /* MainView.swift in Sources */ = {isa = PBXBuildFile; fileRef = CEF1FDD22C629A4C00E016A5 /* MainView.swift */; };
		CEF1FDD62C629A4C00E016A5 /* Meal.swift in Sources */ = {isa = PBXBuildFile; fileRef = CEF1FDD32C629A4C00E016A5 /* Meal.swift */; };
		CEF1FDD72C629A4C00E016A5 /* CalendarEventsView.swift in Sources */ = {isa = PBXBuildFile; fileRef = CEF1FDD42C629A4C00E016A5 /* CalendarEventsView.swift */; };
		CEF1FDD92C629A5200E016A5 /* AddMealView.swift in Sources */ = {isa = PBXBuildFile; fileRef = CEF1FDD82C629A5200E016A5 /* AddMealView.swift */; };
		CEF1FDDB2C629A5C00E016A5 /* RecipesListView.swift in Sources */ = {isa = PBXBuildFile; fileRef = CEF1FDDA2C629A5C00E016A5 /* RecipesListView.swift */; };
		CEF1FDE12C629AC600E016A5 /* FakeRecipe.json in Resources */ = {isa = PBXBuildFile; fileRef = CEF1FDDC2C629AC600E016A5 /* FakeRecipe.json */; };
		CEF1FDE22C629AC600E016A5 /* FakeRecipes.json in Resources */ = {isa = PBXBuildFile; fileRef = CEF1FDDD2C629AC600E016A5 /* FakeRecipes.json */; };
		CEF1FDE32C629AC600E016A5 /* MockNetworking.swift in Sources */ = {isa = PBXBuildFile; fileRef = CEF1FDDE2C629AC600E016A5 /* MockNetworking.swift */; };
		CEF1FDE42C629AC600E016A5 /* sample.jpg in Resources */ = {isa = PBXBuildFile; fileRef = CEF1FDDF2C629AC600E016A5 /* sample.jpg */; };
		CEF1FDE62C629AE200E016A5 /* RecipeListLoaderTests.swift in Sources */ = {isa = PBXBuildFile; fileRef = CEF1FDE52C629AE200E016A5 /* RecipeListLoaderTests.swift */; };
		CEF1FDE92C629AED00E016A5 /* VeggieKitchenTests.swift in Sources */ = {isa = PBXBuildFile; fileRef = CEF1FDE72C629AEC00E016A5 /* VeggieKitchenTests.swift */; };
		CEF1FDEA2C629AED00E016A5 /* GetSingleRecipeTests.swift in Sources */ = {isa = PBXBuildFile; fileRef = CEF1FDE82C629AEC00E016A5 /* GetSingleRecipeTests.swift */; };
/* End PBXBuildFile section */

/* Begin PBXContainerItemProxy section */
		CEF1FD852C6298BC00E016A5 /* PBXContainerItemProxy */ = {
			isa = PBXContainerItemProxy;
			containerPortal = CEF1FD6A2C6298B900E016A5 /* Project object */;
			proxyType = 1;
			remoteGlobalIDString = CEF1FD712C6298B900E016A5;
			remoteInfo = VeggieKitchen;
		};
		CEF1FD8F2C6298BC00E016A5 /* PBXContainerItemProxy */ = {
			isa = PBXContainerItemProxy;
			containerPortal = CEF1FD6A2C6298B900E016A5 /* Project object */;
			proxyType = 1;
			remoteGlobalIDString = CEF1FD712C6298B900E016A5;
			remoteInfo = VeggieKitchen;
		};
/* End PBXContainerItemProxy section */

/* Begin PBXFileReference section */
		CEF1FD722C6298B900E016A5 /* VeggieKitchen.app */ = {isa = PBXFileReference; explicitFileType = wrapper.application; includeInIndex = 0; path = VeggieKitchen.app; sourceTree = BUILT_PRODUCTS_DIR; };
		CEF1FD752C6298B900E016A5 /* VeggieKitchenApp.swift */ = {isa = PBXFileReference; lastKnownFileType = sourcecode.swift; path = VeggieKitchenApp.swift; sourceTree = "<group>"; };
		CEF1FD772C6298B900E016A5 /* ContentView.swift */ = {isa = PBXFileReference; lastKnownFileType = sourcecode.swift; path = ContentView.swift; sourceTree = "<group>"; };
		CEF1FD792C6298B900E016A5 /* Item.swift */ = {isa = PBXFileReference; lastKnownFileType = sourcecode.swift; path = Item.swift; sourceTree = "<group>"; };
		CEF1FD7B2C6298BB00E016A5 /* Assets.xcassets */ = {isa = PBXFileReference; lastKnownFileType = folder.assetcatalog; path = Assets.xcassets; sourceTree = "<group>"; };
		CEF1FD7E2C6298BB00E016A5 /* Preview Assets.xcassets */ = {isa = PBXFileReference; lastKnownFileType = folder.assetcatalog; path = "Preview Assets.xcassets"; sourceTree = "<group>"; };
		CEF1FD842C6298BC00E016A5 /* VeggieKitchenTests.xctest */ = {isa = PBXFileReference; explicitFileType = wrapper.cfbundle; includeInIndex = 0; path = VeggieKitchenTests.xctest; sourceTree = BUILT_PRODUCTS_DIR; };
		CEF1FD882C6298BC00E016A5 /* VeggieKitchenTests.swift */ = {isa = PBXFileReference; lastKnownFileType = sourcecode.swift; path = VeggieKitchenTests.swift; sourceTree = "<group>"; };
		CEF1FD8E2C6298BC00E016A5 /* VeggieKitchenUITests.xctest */ = {isa = PBXFileReference; explicitFileType = wrapper.cfbundle; includeInIndex = 0; path = VeggieKitchenUITests.xctest; sourceTree = BUILT_PRODUCTS_DIR; };
		CEF1FD922C6298BC00E016A5 /* VeggieKitchenUITests.swift */ = {isa = PBXFileReference; lastKnownFileType = sourcecode.swift; path = VeggieKitchenUITests.swift; sourceTree = "<group>"; };
		CEF1FD942C6298BC00E016A5 /* VeggieKitchenUITestsLaunchTests.swift */ = {isa = PBXFileReference; lastKnownFileType = sourcecode.swift; path = VeggieKitchenUITestsLaunchTests.swift; sourceTree = "<group>"; };
		CEF1FDA62C6299FE00E016A5 /* MockRecipesService.swift */ = {isa = PBXFileReference; fileEncoding = 4; lastKnownFileType = sourcecode.swift; path = MockRecipesService.swift; sourceTree = "<group>"; };
		CEF1FDA82C6299FE00E016A5 /* NetWorking.swift */ = {isa = PBXFileReference; fileEncoding = 4; lastKnownFileType = sourcecode.swift; path = NetWorking.swift; sourceTree = "<group>"; };
		CEF1FDAC2C6299FE00E016A5 /* GetSingleRecipe.swift */ = {isa = PBXFileReference; fileEncoding = 4; lastKnownFileType = sourcecode.swift; path = GetSingleRecipe.swift; sourceTree = "<group>"; };
		CEF1FDAD2C6299FE00E016A5 /* RealRecipesService.swift */ = {isa = PBXFileReference; fileEncoding = 4; lastKnownFileType = sourcecode.swift; path = RealRecipesService.swift; sourceTree = "<group>"; };
		CEF1FDAE2C6299FE00E016A5 /* RecipeListLoader.swift */ = {isa = PBXFileReference; fileEncoding = 4; lastKnownFileType = sourcecode.swift; path = RecipeListLoader.swift; sourceTree = "<group>"; };
		CEF1FDAF2C6299FE00E016A5 /* RecipesService.swift */ = {isa = PBXFileReference; fileEncoding = 4; lastKnownFileType = sourcecode.swift; path = RecipesService.swift; sourceTree = "<group>"; };
		CEF1FDB12C6299FE00E016A5 /* CalendarManager .swift */ = {isa = PBXFileReference; fileEncoding = 4; lastKnownFileType = sourcecode.swift; path = "CalendarManager .swift"; sourceTree = "<group>"; };
		CEF1FDB22C6299FE00E016A5 /* CalendarViewController.swift */ = {isa = PBXFileReference; fileEncoding = 4; lastKnownFileType = sourcecode.swift; path = CalendarViewController.swift; sourceTree = "<group>"; };
		CEF1FDB42C6299FE00E016A5 /* HTMLTextView.swift */ = {isa = PBXFileReference; fileEncoding = 4; lastKnownFileType = sourcecode.swift; path = HTMLTextView.swift; sourceTree = "<group>"; };
		CEF1FDB52C6299FE00E016A5 /* ImageLoader.swift */ = {isa = PBXFileReference; fileEncoding = 4; lastKnownFileType = sourcecode.swift; path = ImageLoader.swift; sourceTree = "<group>"; };
		CEF1FDB72C6299FE00E016A5 /* Ingredient.swift */ = {isa = PBXFileReference; fileEncoding = 4; lastKnownFileType = sourcecode.swift; path = Ingredient.swift; sourceTree = "<group>"; };
		CEF1FDB82C6299FE00E016A5 /* Recipe.swift */ = {isa = PBXFileReference; fileEncoding = 4; lastKnownFileType = sourcecode.swift; path = Recipe.swift; sourceTree = "<group>"; };
		CEF1FDB92C6299FE00E016A5 /* Recipes.swift */ = {isa = PBXFileReference; fileEncoding = 4; lastKnownFileType = sourcecode.swift; path = Recipes.swift; sourceTree = "<group>"; };
		CEF1FDBA2C6299FE00E016A5 /* RowRecipes.swift */ = {isa = PBXFileReference; fileEncoding = 4; lastKnownFileType = sourcecode.swift; path = RowRecipes.swift; sourceTree = "<group>"; };
		CEF1FDBD2C6299FE00E016A5 /* IngredientMeal.swift */ = {isa = PBXFileReference; fileEncoding = 4; lastKnownFileType = sourcecode.swift; name = IngredientMeal.swift; path = VeggieKitchen/Model/IngredientMeal.swift; sourceTree = SOURCE_ROOT; };
		CEF1FDCE2C629A3300E016A5 /* IngredientsModelView.swift */ = {isa = PBXFileReference; fileEncoding = 4; lastKnownFileType = sourcecode.swift; name = IngredientsModelView.swift; path = VeggieKitchen/ModelView/IngredientsModelView.swift; sourceTree = SOURCE_ROOT; };
		CEF1FDCF2C629A3300E016A5 /* SingleRecipeModelView.swift */ = {isa = PBXFileReference; fileEncoding = 4; lastKnownFileType = sourcecode.swift; name = SingleRecipeModelView.swift; path = VeggieKitchen/ModelView/SingleRecipeModelView.swift; sourceTree = SOURCE_ROOT; };
		CEF1FDD22C629A4C00E016A5 /* MainView.swift */ = {isa = PBXFileReference; fileEncoding = 4; lastKnownFileType = sourcecode.swift; name = MainView.swift; path = VeggieKitchen/MainView.swift; sourceTree = SOURCE_ROOT; };
		CEF1FDD32C629A4C00E016A5 /* Meal.swift */ = {isa = PBXFileReference; fileEncoding = 4; lastKnownFileType = sourcecode.swift; name = Meal.swift; path = VeggieKitchen/Meal.swift; sourceTree = SOURCE_ROOT; };
		CEF1FDD42C629A4C00E016A5 /* CalendarEventsView.swift */ = {isa = PBXFileReference; fileEncoding = 4; lastKnownFileType = sourcecode.swift; name = CalendarEventsView.swift; path = VeggieKitchen/CalendarEventsView.swift; sourceTree = SOURCE_ROOT; };
		CEF1FDD82C629A5200E016A5 /* AddMealView.swift */ = {isa = PBXFileReference; fileEncoding = 4; lastKnownFileType = sourcecode.swift; name = AddMealView.swift; path = VeggieKitchen/ViewGroup/AddMealView.swift; sourceTree = SOURCE_ROOT; };
		CEF1FDDA2C629A5C00E016A5 /* RecipesListView.swift */ = {isa = PBXFileReference; fileEncoding = 4; lastKnownFileType = sourcecode.swift; name = RecipesListView.swift; path = VeggieKitchen/ViewGroup/RecipesListView.swift; sourceTree = SOURCE_ROOT; };
		CEF1FDDC2C629AC600E016A5 /* FakeRecipe.json */ = {isa = PBXFileReference; fileEncoding = 4; lastKnownFileType = text.json; path = FakeRecipe.json; sourceTree = "<group>"; };
		CEF1FDDD2C629AC600E016A5 /* FakeRecipes.json */ = {isa = PBXFileReference; fileEncoding = 4; lastKnownFileType = text.json; path = FakeRecipes.json; sourceTree = "<group>"; };
		CEF1FDDE2C629AC600E016A5 /* MockNetworking.swift */ = {isa = PBXFileReference; fileEncoding = 4; lastKnownFileType = sourcecode.swift; path = MockNetworking.swift; sourceTree = "<group>"; };
		CEF1FDDF2C629AC600E016A5 /* sample.jpg */ = {isa = PBXFileReference; lastKnownFileType = image.jpeg; path = sample.jpg; sourceTree = "<group>"; };
		CEF1FDE52C629AE200E016A5 /* RecipeListLoaderTests.swift */ = {isa = PBXFileReference; fileEncoding = 4; lastKnownFileType = sourcecode.swift; name = RecipeListLoaderTests.swift; path = VeggieKitchenTests/RecipeListLoaderTests.swift; sourceTree = SOURCE_ROOT; };
		CEF1FDE72C629AEC00E016A5 /* VeggieKitchenTests.swift */ = {isa = PBXFileReference; fileEncoding = 4; lastKnownFileType = sourcecode.swift; name = VeggieKitchenTests.swift; path = VeggieKitchenTests/VeggieKitchenTests.swift; sourceTree = SOURCE_ROOT; };
		CEF1FDE82C629AEC00E016A5 /* GetSingleRecipeTests.swift */ = {isa = PBXFileReference; fileEncoding = 4; lastKnownFileType = sourcecode.swift; name = GetSingleRecipeTests.swift; path = VeggieKitchenTests/GetSingleRecipeTests.swift; sourceTree = SOURCE_ROOT; };
/* End PBXFileReference section */

/* Begin PBXFrameworksBuildPhase section */
		CEF1FD6F2C6298B900E016A5 /* Frameworks */ = {
			isa = PBXFrameworksBuildPhase;
			buildActionMask = 2147483647;
			files = (
			);
			runOnlyForDeploymentPostprocessing = 0;
		};
		CEF1FD812C6298BC00E016A5 /* Frameworks */ = {
			isa = PBXFrameworksBuildPhase;
			buildActionMask = 2147483647;
			files = (
			);
			runOnlyForDeploymentPostprocessing = 0;
		};
		CEF1FD8B2C6298BC00E016A5 /* Frameworks */ = {
			isa = PBXFrameworksBuildPhase;
			buildActionMask = 2147483647;
			files = (
			);
			runOnlyForDeploymentPostprocessing = 0;
		};
/* End PBXFrameworksBuildPhase section */

/* Begin PBXGroup section */
		CEF1FD692C6298B900E016A5 = {
			isa = PBXGroup;
			children = (
				CEF1FD742C6298B900E016A5 /* VeggieKitchen */,
				CEF1FD872C6298BC00E016A5 /* VeggieKitchenTests */,
				CEF1FD912C6298BC00E016A5 /* VeggieKitchenUITests */,
				CEF1FD732C6298B900E016A5 /* Products */,
			);
			sourceTree = "<group>";
		};
		CEF1FD732C6298B900E016A5 /* Products */ = {
			isa = PBXGroup;
			children = (
				CEF1FD722C6298B900E016A5 /* VeggieKitchen.app */,
				CEF1FD842C6298BC00E016A5 /* VeggieKitchenTests.xctest */,
				CEF1FD8E2C6298BC00E016A5 /* VeggieKitchenUITests.xctest */,
			);
			name = Products;
			sourceTree = "<group>";
		};
		CEF1FD742C6298B900E016A5 /* VeggieKitchen */ = {
			isa = PBXGroup;
			children = (
				CEF1FDA52C6299E100E016A5 /* ModelViewGroup */,
				CEF1FDA42C6299DA00E016A5 /* ViewGroup */,
				CEF1FDA32C6299D300E016A5 /* ModelGroup */,
				CEF1FD752C6298B900E016A5 /* VeggieKitchenApp.swift */,
				CEF1FD772C6298B900E016A5 /* ContentView.swift */,
				CEF1FD792C6298B900E016A5 /* Item.swift */,
				CEF1FD7B2C6298BB00E016A5 /* Assets.xcassets */,
				CEF1FD7D2C6298BB00E016A5 /* Preview Content */,
			);
			path = VeggieKitchen;
			sourceTree = "<group>";
		};
		CEF1FD7D2C6298BB00E016A5 /* Preview Content */ = {
			isa = PBXGroup;
			children = (
				CEF1FD7E2C6298BB00E016A5 /* Preview Assets.xcassets */,
			);
			path = "Preview Content";
			sourceTree = "<group>";
		};
		CEF1FD872C6298BC00E016A5 /* VeggieKitchenTests */ = {
			isa = PBXGroup;
			children = (
				CEF1FDE02C629AC600E016A5 /* StuffForTestingNetwork */,
				CEF1FD882C6298BC00E016A5 /* VeggieKitchenTests.swift */,
			);
			path = VeggieKitchenTests;
			sourceTree = "<group>";
		};
		CEF1FD912C6298BC00E016A5 /* VeggieKitchenUITests */ = {
			isa = PBXGroup;
			children = (
				CEF1FD922C6298BC00E016A5 /* VeggieKitchenUITests.swift */,
				CEF1FD942C6298BC00E016A5 /* VeggieKitchenUITestsLaunchTests.swift */,
			);
			path = VeggieKitchenUITests;
			sourceTree = "<group>";
		};
		CEF1FDA32C6299D300E016A5 /* ModelGroup */ = {
			isa = PBXGroup;
			children = (
				CEF1FDB32C6299FE00E016A5 /* Calendar */,
				CEF1FDBD2C6299FE00E016A5 /* IngredientMeal.swift */,
				CEF1FDA72C6299FE00E016A5 /* MockTools */,
				CEF1FDA92C6299FE00E016A5 /* Network */,
				CEF1FDB02C6299FE00E016A5 /* RecipeManagement */,
				CEF1FDBC2C6299FE00E016A5 /* structures */,
			);
			path = ModelGroup;
			sourceTree = "<group>";
		};
		CEF1FDA42C6299DA00E016A5 /* ViewGroup */ = {
			isa = PBXGroup;
			children = (
				CEF1FDDA2C629A5C00E016A5 /* RecipesListView.swift */,
				CEF1FDD82C629A5200E016A5 /* AddMealView.swift */,
				CEF1FDD42C629A4C00E016A5 /* CalendarEventsView.swift */,
				CEF1FDD22C629A4C00E016A5 /* MainView.swift */,
				CEF1FDD32C629A4C00E016A5 /* Meal.swift */,
			);
			path = ViewGroup;
			sourceTree = "<group>";
		};
		CEF1FDA52C6299E100E016A5 /* ModelViewGroup */ = {
			isa = PBXGroup;
			children = (
				CEF1FDCE2C629A3300E016A5 /* IngredientsModelView.swift */,
				CEF1FDCF2C629A3300E016A5 /* SingleRecipeModelView.swift */,
			);
			path = ModelViewGroup;
			sourceTree = "<group>";
		};
		CEF1FDA72C6299FE00E016A5 /* MockTools */ = {
			isa = PBXGroup;
			children = (
				CEF1FDA62C6299FE00E016A5 /* MockRecipesService.swift */,
			);
			name = MockTools;
			path = VeggieKitchen/Model/MockTools;
			sourceTree = SOURCE_ROOT;
		};
		CEF1FDA92C6299FE00E016A5 /* Network */ = {
			isa = PBXGroup;
			children = (
				CEF1FDA82C6299FE00E016A5 /* NetWorking.swift */,
			);
			name = Network;
			path = VeggieKitchen/Model/Network;
			sourceTree = SOURCE_ROOT;
		};
		CEF1FDB02C6299FE00E016A5 /* RecipeManagement */ = {
			isa = PBXGroup;
			children = (
				CEF1FDAC2C6299FE00E016A5 /* GetSingleRecipe.swift */,
				CEF1FDAD2C6299FE00E016A5 /* RealRecipesService.swift */,
				CEF1FDAE2C6299FE00E016A5 /* RecipeListLoader.swift */,
				CEF1FDAF2C6299FE00E016A5 /* RecipesService.swift */,
			);
			name = RecipeManagement;
			path = VeggieKitchen/Model/RecipeManagement;
			sourceTree = SOURCE_ROOT;
		};
		CEF1FDB32C6299FE00E016A5 /* Calendar */ = {
			isa = PBXGroup;
			children = (
				CEF1FDB12C6299FE00E016A5 /* CalendarManager .swift */,
				CEF1FDB22C6299FE00E016A5 /* CalendarViewController.swift */,
			);
			name = Calendar;
			path = VeggieKitchen/Model/Calendar;
			sourceTree = SOURCE_ROOT;
		};
		CEF1FDB62C6299FE00E016A5 /* Esthetic */ = {
			isa = PBXGroup;
			children = (
				CEF1FDB42C6299FE00E016A5 /* HTMLTextView.swift */,
				CEF1FDB52C6299FE00E016A5 /* ImageLoader.swift */,
			);
			path = Esthetic;
			sourceTree = "<group>";
		};
		CEF1FDBB2C6299FE00E016A5 /* Recipes */ = {
			isa = PBXGroup;
			children = (
				CEF1FDB72C6299FE00E016A5 /* Ingredient.swift */,
				CEF1FDB82C6299FE00E016A5 /* Recipe.swift */,
				CEF1FDB92C6299FE00E016A5 /* Recipes.swift */,
				CEF1FDBA2C6299FE00E016A5 /* RowRecipes.swift */,
			);
			path = Recipes;
			sourceTree = "<group>";
		};
		CEF1FDBC2C6299FE00E016A5 /* structures */ = {
			isa = PBXGroup;
			children = (
				CEF1FDB62C6299FE00E016A5 /* Esthetic */,
				CEF1FDBB2C6299FE00E016A5 /* Recipes */,
			);
			name = structures;
			path = VeggieKitchen/Model/structures;
			sourceTree = SOURCE_ROOT;
		};
		CEF1FDE02C629AC600E016A5 /* StuffForTestingNetwork */ = {
			isa = PBXGroup;
			children = (
				CEF1FDE82C629AEC00E016A5 /* GetSingleRecipeTests.swift */,
				CEF1FDE72C629AEC00E016A5 /* VeggieKitchenTests.swift */,
				CEF1FDE52C629AE200E016A5 /* RecipeListLoaderTests.swift */,
				CEF1FDDC2C629AC600E016A5 /* FakeRecipe.json */,
				CEF1FDDD2C629AC600E016A5 /* FakeRecipes.json */,
				CEF1FDDE2C629AC600E016A5 /* MockNetworking.swift */,
				CEF1FDDF2C629AC600E016A5 /* sample.jpg */,
			);
			path = StuffForTestingNetwork;
			sourceTree = "<group>";
		};
/* End PBXGroup section */

/* Begin PBXNativeTarget section */
		CEF1FD712C6298B900E016A5 /* VeggieKitchen */ = {
			isa = PBXNativeTarget;
			buildConfigurationList = CEF1FD982C6298BC00E016A5 /* Build configuration list for PBXNativeTarget "VeggieKitchen" */;
			buildPhases = (
				CEF1FD6E2C6298B900E016A5 /* Sources */,
				CEF1FD6F2C6298B900E016A5 /* Frameworks */,
				CEF1FD702C6298B900E016A5 /* Resources */,
			);
			buildRules = (
			);
			dependencies = (
			);
			name = VeggieKitchen;
			productName = VeggieKitchen;
			productReference = CEF1FD722C6298B900E016A5 /* VeggieKitchen.app */;
			productType = "com.apple.product-type.application";
		};
		CEF1FD832C6298BC00E016A5 /* VeggieKitchenTests */ = {
			isa = PBXNativeTarget;
			buildConfigurationList = CEF1FD9B2C6298BC00E016A5 /* Build configuration list for PBXNativeTarget "VeggieKitchenTests" */;
			buildPhases = (
				CEF1FD802C6298BC00E016A5 /* Sources */,
				CEF1FD812C6298BC00E016A5 /* Frameworks */,
				CEF1FD822C6298BC00E016A5 /* Resources */,
			);
			buildRules = (
			);
			dependencies = (
				CEF1FD862C6298BC00E016A5 /* PBXTargetDependency */,
			);
			name = VeggieKitchenTests;
			productName = VeggieKitchenTests;
			productReference = CEF1FD842C6298BC00E016A5 /* VeggieKitchenTests.xctest */;
			productType = "com.apple.product-type.bundle.unit-test";
		};
		CEF1FD8D2C6298BC00E016A5 /* VeggieKitchenUITests */ = {
			isa = PBXNativeTarget;
			buildConfigurationList = CEF1FD9E2C6298BC00E016A5 /* Build configuration list for PBXNativeTarget "VeggieKitchenUITests" */;
			buildPhases = (
				CEF1FD8A2C6298BC00E016A5 /* Sources */,
				CEF1FD8B2C6298BC00E016A5 /* Frameworks */,
				CEF1FD8C2C6298BC00E016A5 /* Resources */,
			);
			buildRules = (
			);
			dependencies = (
				CEF1FD902C6298BC00E016A5 /* PBXTargetDependency */,
			);
			name = VeggieKitchenUITests;
			productName = VeggieKitchenUITests;
			productReference = CEF1FD8E2C6298BC00E016A5 /* VeggieKitchenUITests.xctest */;
			productType = "com.apple.product-type.bundle.ui-testing";
		};
/* End PBXNativeTarget section */

/* Begin PBXProject section */
		CEF1FD6A2C6298B900E016A5 /* Project object */ = {
			isa = PBXProject;
			attributes = {
				BuildIndependentTargetsInParallel = 1;
				LastSwiftUpdateCheck = 1540;
				LastUpgradeCheck = 1540;
				TargetAttributes = {
					CEF1FD712C6298B900E016A5 = {
						CreatedOnToolsVersion = 15.4;
					};
					CEF1FD832C6298BC00E016A5 = {
						CreatedOnToolsVersion = 15.4;
						TestTargetID = CEF1FD712C6298B900E016A5;
					};
					CEF1FD8D2C6298BC00E016A5 = {
						CreatedOnToolsVersion = 15.4;
						TestTargetID = CEF1FD712C6298B900E016A5;
					};
				};
			};
			buildConfigurationList = CEF1FD6D2C6298B900E016A5 /* Build configuration list for PBXProject "VeggieKitchen" */;
			compatibilityVersion = "Xcode 14.0";
			developmentRegion = en;
			hasScannedForEncodings = 0;
			knownRegions = (
				en,
				Base,
			);
			mainGroup = CEF1FD692C6298B900E016A5;
			productRefGroup = CEF1FD732C6298B900E016A5 /* Products */;
			projectDirPath = "";
			projectRoot = "";
			targets = (
				CEF1FD712C6298B900E016A5 /* VeggieKitchen */,
				CEF1FD832C6298BC00E016A5 /* VeggieKitchenTests */,
				CEF1FD8D2C6298BC00E016A5 /* VeggieKitchenUITests */,
			);
		};
/* End PBXProject section */

/* Begin PBXResourcesBuildPhase section */
		CEF1FD702C6298B900E016A5 /* Resources */ = {
			isa = PBXResourcesBuildPhase;
			buildActionMask = 2147483647;
			files = (
				CEF1FD7F2C6298BB00E016A5 /* Preview Assets.xcassets in Resources */,
				CEF1FD7C2C6298BB00E016A5 /* Assets.xcassets in Resources */,
			);
			runOnlyForDeploymentPostprocessing = 0;
		};
		CEF1FD822C6298BC00E016A5 /* Resources */ = {
			isa = PBXResourcesBuildPhase;
			buildActionMask = 2147483647;
			files = (
				CEF1FDE22C629AC600E016A5 /* FakeRecipes.json in Resources */,
				CEF1FDE42C629AC600E016A5 /* sample.jpg in Resources */,
				CEF1FDE12C629AC600E016A5 /* FakeRecipe.json in Resources */,
			);
			runOnlyForDeploymentPostprocessing = 0;
		};
		CEF1FD8C2C6298BC00E016A5 /* Resources */ = {
			isa = PBXResourcesBuildPhase;
			buildActionMask = 2147483647;
			files = (
			);
			runOnlyForDeploymentPostprocessing = 0;
		};
/* End PBXResourcesBuildPhase section */

/* Begin PBXSourcesBuildPhase section */
		CEF1FD6E2C6298B900E016A5 /* Sources */ = {
			isa = PBXSourcesBuildPhase;
			buildActionMask = 2147483647;
			files = (
				CEF1FDDB2C629A5C00E016A5 /* RecipesListView.swift in Sources */,
				CEF1FDC82C6299FE00E016A5 /* ImageLoader.swift in Sources */,
				CEF1FDD12C629A3300E016A5 /* SingleRecipeModelView.swift in Sources */,
				CEF1FDCD2C6299FE00E016A5 /* IngredientMeal.swift in Sources */,
				CEF1FDC62C6299FE00E016A5 /* CalendarViewController.swift in Sources */,
				CEF1FDC92C6299FE00E016A5 /* Ingredient.swift in Sources */,
				CEF1FDCB2C6299FE00E016A5 /* Recipes.swift in Sources */,
				CEF1FD782C6298B900E016A5 /* ContentView.swift in Sources */,
				CEF1FDD52C629A4C00E016A5 /* MainView.swift in Sources */,
				CEF1FDC32C6299FE00E016A5 /* RecipeListLoader.swift in Sources */,
				CEF1FDBE2C6299FE00E016A5 /* MockRecipesService.swift in Sources */,
				CEF1FDBF2C6299FE00E016A5 /* NetWorking.swift in Sources */,
				CEF1FDC72C6299FE00E016A5 /* HTMLTextView.swift in Sources */,
				CEF1FDC22C6299FE00E016A5 /* RealRecipesService.swift in Sources */,
				CEF1FDD72C629A4C00E016A5 /* CalendarEventsView.swift in Sources */,
				CEF1FDD92C629A5200E016A5 /* AddMealView.swift in Sources */,
				CEF1FDCC2C6299FE00E016A5 /* RowRecipes.swift in Sources */,
				CEF1FDC42C6299FE00E016A5 /* RecipesService.swift in Sources */,
				CEF1FDD02C629A3300E016A5 /* IngredientsModelView.swift in Sources */,
				CEF1FDD62C629A4C00E016A5 /* Meal.swift in Sources */,
				CEF1FD7A2C6298B900E016A5 /* Item.swift in Sources */,
				CEF1FDC12C6299FE00E016A5 /* GetSingleRecipe.swift in Sources */,
				CEF1FD762C6298B900E016A5 /* VeggieKitchenApp.swift in Sources */,
				CEF1FDC52C6299FE00E016A5 /* CalendarManager .swift in Sources */,
				CEF1FDCA2C6299FE00E016A5 /* Recipe.swift in Sources */,
			);
			runOnlyForDeploymentPostprocessing = 0;
		};
		CEF1FD802C6298BC00E016A5 /* Sources */ = {
			isa = PBXSourcesBuildPhase;
			buildActionMask = 2147483647;
			files = (
				CEF1FD892C6298BC00E016A5 /* VeggieKitchenTests.swift in Sources */,
				CEF1FDE62C629AE200E016A5 /* RecipeListLoaderTests.swift in Sources */,
				CEF1FDEA2C629AED00E016A5 /* GetSingleRecipeTests.swift in Sources */,
				CEF1FDE32C629AC600E016A5 /* MockNetworking.swift in Sources */,
				CEF1FDE92C629AED00E016A5 /* VeggieKitchenTests.swift in Sources */,
			);
			runOnlyForDeploymentPostprocessing = 0;
		};
		CEF1FD8A2C6298BC00E016A5 /* Sources */ = {
			isa = PBXSourcesBuildPhase;
			buildActionMask = 2147483647;
			files = (
				CEF1FD952C6298BC00E016A5 /* VeggieKitchenUITestsLaunchTests.swift in Sources */,
				CEF1FD932C6298BC00E016A5 /* VeggieKitchenUITests.swift in Sources */,
			);
			runOnlyForDeploymentPostprocessing = 0;
		};
/* End PBXSourcesBuildPhase section */

/* Begin PBXTargetDependency section */
		CEF1FD862C6298BC00E016A5 /* PBXTargetDependency */ = {
			isa = PBXTargetDependency;
			target = CEF1FD712C6298B900E016A5 /* VeggieKitchen */;
			targetProxy = CEF1FD852C6298BC00E016A5 /* PBXContainerItemProxy */;
		};
		CEF1FD902C6298BC00E016A5 /* PBXTargetDependency */ = {
			isa = PBXTargetDependency;
			target = CEF1FD712C6298B900E016A5 /* VeggieKitchen */;
			targetProxy = CEF1FD8F2C6298BC00E016A5 /* PBXContainerItemProxy */;
		};
/* End PBXTargetDependency section */

/* Begin XCBuildConfiguration section */
		CEF1FD962C6298BC00E016A5 /* Debug */ = {
			isa = XCBuildConfiguration;
			buildSettings = {
				ALWAYS_SEARCH_USER_PATHS = NO;
				ASSETCATALOG_COMPILER_GENERATE_SWIFT_ASSET_SYMBOL_EXTENSIONS = YES;
				CLANG_ANALYZER_NONNULL = YES;
				CLANG_ANALYZER_NUMBER_OBJECT_CONVERSION = YES_AGGRESSIVE;
				CLANG_CXX_LANGUAGE_STANDARD = "gnu++20";
				CLANG_ENABLE_MODULES = YES;
				CLANG_ENABLE_OBJC_ARC = YES;
				CLANG_ENABLE_OBJC_WEAK = YES;
				CLANG_WARN_BLOCK_CAPTURE_AUTORELEASING = YES;
				CLANG_WARN_BOOL_CONVERSION = YES;
				CLANG_WARN_COMMA = YES;
				CLANG_WARN_CONSTANT_CONVERSION = YES;
				CLANG_WARN_DEPRECATED_OBJC_IMPLEMENTATIONS = YES;
				CLANG_WARN_DIRECT_OBJC_ISA_USAGE = YES_ERROR;
				CLANG_WARN_DOCUMENTATION_COMMENTS = YES;
				CLANG_WARN_EMPTY_BODY = YES;
				CLANG_WARN_ENUM_CONVERSION = YES;
				CLANG_WARN_INFINITE_RECURSION = YES;
				CLANG_WARN_INT_CONVERSION = YES;
				CLANG_WARN_NON_LITERAL_NULL_CONVERSION = YES;
				CLANG_WARN_OBJC_IMPLICIT_RETAIN_SELF = YES;
				CLANG_WARN_OBJC_LITERAL_CONVERSION = YES;
				CLANG_WARN_OBJC_ROOT_CLASS = YES_ERROR;
				CLANG_WARN_QUOTED_INCLUDE_IN_FRAMEWORK_HEADER = YES;
				CLANG_WARN_RANGE_LOOP_ANALYSIS = YES;
				CLANG_WARN_STRICT_PROTOTYPES = YES;
				CLANG_WARN_SUSPICIOUS_MOVE = YES;
				CLANG_WARN_UNGUARDED_AVAILABILITY = YES_AGGRESSIVE;
				CLANG_WARN_UNREACHABLE_CODE = YES;
				CLANG_WARN__DUPLICATE_METHOD_MATCH = YES;
				COPY_PHASE_STRIP = NO;
				DEBUG_INFORMATION_FORMAT = dwarf;
				ENABLE_STRICT_OBJC_MSGSEND = YES;
				ENABLE_TESTABILITY = YES;
				ENABLE_USER_SCRIPT_SANDBOXING = YES;
				GCC_C_LANGUAGE_STANDARD = gnu17;
				GCC_DYNAMIC_NO_PIC = NO;
				GCC_NO_COMMON_BLOCKS = YES;
				GCC_OPTIMIZATION_LEVEL = 0;
				GCC_PREPROCESSOR_DEFINITIONS = (
					"DEBUG=1",
					"$(inherited)",
				);
				GCC_WARN_64_TO_32_BIT_CONVERSION = YES;
				GCC_WARN_ABOUT_RETURN_TYPE = YES_ERROR;
				GCC_WARN_UNDECLARED_SELECTOR = YES;
				GCC_WARN_UNINITIALIZED_AUTOS = YES_AGGRESSIVE;
				GCC_WARN_UNUSED_FUNCTION = YES;
				GCC_WARN_UNUSED_VARIABLE = YES;
				IPHONEOS_DEPLOYMENT_TARGET = 17.5;
				LOCALIZATION_PREFERS_STRING_CATALOGS = YES;
				MTL_ENABLE_DEBUG_INFO = INCLUDE_SOURCE;
				MTL_FAST_MATH = YES;
				ONLY_ACTIVE_ARCH = YES;
				SDKROOT = iphoneos;
				SWIFT_ACTIVE_COMPILATION_CONDITIONS = "DEBUG $(inherited)";
				SWIFT_OPTIMIZATION_LEVEL = "-Onone";
			};
			name = Debug;
		};
		CEF1FD972C6298BC00E016A5 /* Release */ = {
			isa = XCBuildConfiguration;
			buildSettings = {
				ALWAYS_SEARCH_USER_PATHS = NO;
				ASSETCATALOG_COMPILER_GENERATE_SWIFT_ASSET_SYMBOL_EXTENSIONS = YES;
				CLANG_ANALYZER_NONNULL = YES;
				CLANG_ANALYZER_NUMBER_OBJECT_CONVERSION = YES_AGGRESSIVE;
				CLANG_CXX_LANGUAGE_STANDARD = "gnu++20";
				CLANG_ENABLE_MODULES = YES;
				CLANG_ENABLE_OBJC_ARC = YES;
				CLANG_ENABLE_OBJC_WEAK = YES;
				CLANG_WARN_BLOCK_CAPTURE_AUTORELEASING = YES;
				CLANG_WARN_BOOL_CONVERSION = YES;
				CLANG_WARN_COMMA = YES;
				CLANG_WARN_CONSTANT_CONVERSION = YES;
				CLANG_WARN_DEPRECATED_OBJC_IMPLEMENTATIONS = YES;
				CLANG_WARN_DIRECT_OBJC_ISA_USAGE = YES_ERROR;
				CLANG_WARN_DOCUMENTATION_COMMENTS = YES;
				CLANG_WARN_EMPTY_BODY = YES;
				CLANG_WARN_ENUM_CONVERSION = YES;
				CLANG_WARN_INFINITE_RECURSION = YES;
				CLANG_WARN_INT_CONVERSION = YES;
				CLANG_WARN_NON_LITERAL_NULL_CONVERSION = YES;
				CLANG_WARN_OBJC_IMPLICIT_RETAIN_SELF = YES;
				CLANG_WARN_OBJC_LITERAL_CONVERSION = YES;
				CLANG_WARN_OBJC_ROOT_CLASS = YES_ERROR;
				CLANG_WARN_QUOTED_INCLUDE_IN_FRAMEWORK_HEADER = YES;
				CLANG_WARN_RANGE_LOOP_ANALYSIS = YES;
				CLANG_WARN_STRICT_PROTOTYPES = YES;
				CLANG_WARN_SUSPICIOUS_MOVE = YES;
				CLANG_WARN_UNGUARDED_AVAILABILITY = YES_AGGRESSIVE;
				CLANG_WARN_UNREACHABLE_CODE = YES;
				CLANG_WARN__DUPLICATE_METHOD_MATCH = YES;
				COPY_PHASE_STRIP = NO;
				DEBUG_INFORMATION_FORMAT = "dwarf-with-dsym";
				ENABLE_NS_ASSERTIONS = NO;
				ENABLE_STRICT_OBJC_MSGSEND = YES;
				ENABLE_USER_SCRIPT_SANDBOXING = YES;
				GCC_C_LANGUAGE_STANDARD = gnu17;
				GCC_NO_COMMON_BLOCKS = YES;
				GCC_WARN_64_TO_32_BIT_CONVERSION = YES;
				GCC_WARN_ABOUT_RETURN_TYPE = YES_ERROR;
				GCC_WARN_UNDECLARED_SELECTOR = YES;
				GCC_WARN_UNINITIALIZED_AUTOS = YES_AGGRESSIVE;
				GCC_WARN_UNUSED_FUNCTION = YES;
				GCC_WARN_UNUSED_VARIABLE = YES;
				IPHONEOS_DEPLOYMENT_TARGET = 17.5;
				LOCALIZATION_PREFERS_STRING_CATALOGS = YES;
				MTL_ENABLE_DEBUG_INFO = NO;
				MTL_FAST_MATH = YES;
				SDKROOT = iphoneos;
				SWIFT_COMPILATION_MODE = wholemodule;
				VALIDATE_PRODUCT = YES;
			};
			name = Release;
		};
		CEF1FD992C6298BC00E016A5 /* Debug */ = {
			isa = XCBuildConfiguration;
			buildSettings = {
				ASSETCATALOG_COMPILER_APPICON_NAME = AppIcon;
				ASSETCATALOG_COMPILER_GLOBAL_ACCENT_COLOR_NAME = AccentColor;
				CODE_SIGN_STYLE = Automatic;
				CURRENT_PROJECT_VERSION = 1;
				DEVELOPMENT_ASSET_PATHS = "\"VeggieKitchen/Preview Content\"";
				ENABLE_PREVIEWS = YES;
				GENERATE_INFOPLIST_FILE = YES;
				INFOPLIST_KEY_UIApplicationSceneManifest_Generation = YES;
				INFOPLIST_KEY_UIApplicationSupportsIndirectInputEvents = YES;
				INFOPLIST_KEY_UILaunchScreen_Generation = YES;
				INFOPLIST_KEY_UISupportedInterfaceOrientations_iPad = "UIInterfaceOrientationPortrait UIInterfaceOrientationPortraitUpsideDown UIInterfaceOrientationLandscapeLeft UIInterfaceOrientationLandscapeRight";
				INFOPLIST_KEY_UISupportedInterfaceOrientations_iPhone = "UIInterfaceOrientationPortrait UIInterfaceOrientationLandscapeLeft UIInterfaceOrientationLandscapeRight";
				LD_RUNPATH_SEARCH_PATHS = (
					"$(inherited)",
					"@executable_path/Frameworks",
				);
				MARKETING_VERSION = 1.0;
				PRODUCT_BUNDLE_IDENTIFIER = julie.VeggieKitchen;
				PRODUCT_NAME = "$(TARGET_NAME)";
				SWIFT_EMIT_LOC_STRINGS = YES;
				SWIFT_VERSION = 5.0;
				TARGETED_DEVICE_FAMILY = "1,2";
			};
			name = Debug;
		};
		CEF1FD9A2C6298BC00E016A5 /* Release */ = {
			isa = XCBuildConfiguration;
			buildSettings = {
				ASSETCATALOG_COMPILER_APPICON_NAME = AppIcon;
				ASSETCATALOG_COMPILER_GLOBAL_ACCENT_COLOR_NAME = AccentColor;
				CODE_SIGN_STYLE = Automatic;
				CURRENT_PROJECT_VERSION = 1;
				DEVELOPMENT_ASSET_PATHS = "\"VeggieKitchen/Preview Content\"";
				ENABLE_PREVIEWS = YES;
				GENERATE_INFOPLIST_FILE = YES;
				INFOPLIST_KEY_UIApplicationSceneManifest_Generation = YES;
				INFOPLIST_KEY_UIApplicationSupportsIndirectInputEvents = YES;
				INFOPLIST_KEY_UILaunchScreen_Generation = YES;
				INFOPLIST_KEY_UISupportedInterfaceOrientations_iPad = "UIInterfaceOrientationPortrait UIInterfaceOrientationPortraitUpsideDown UIInterfaceOrientationLandscapeLeft UIInterfaceOrientationLandscapeRight";
				INFOPLIST_KEY_UISupportedInterfaceOrientations_iPhone = "UIInterfaceOrientationPortrait UIInterfaceOrientationLandscapeLeft UIInterfaceOrientationLandscapeRight";
				LD_RUNPATH_SEARCH_PATHS = (
					"$(inherited)",
					"@executable_path/Frameworks",
				);
				MARKETING_VERSION = 1.0;
				PRODUCT_BUNDLE_IDENTIFIER = julie.VeggieKitchen;
				PRODUCT_NAME = "$(TARGET_NAME)";
				SWIFT_EMIT_LOC_STRINGS = YES;
				SWIFT_VERSION = 5.0;
				TARGETED_DEVICE_FAMILY = "1,2";
			};
			name = Release;
		};
		CEF1FD9C2C6298BC00E016A5 /* Debug */ = {
			isa = XCBuildConfiguration;
			buildSettings = {
				ALWAYS_EMBED_SWIFT_STANDARD_LIBRARIES = YES;
				BUNDLE_LOADER = "$(TEST_HOST)";
				CODE_SIGN_STYLE = Automatic;
				CURRENT_PROJECT_VERSION = 1;
				GENERATE_INFOPLIST_FILE = YES;
				IPHONEOS_DEPLOYMENT_TARGET = 17.5;
				MARKETING_VERSION = 1.0;
				PRODUCT_BUNDLE_IDENTIFIER = julie.VeggieKitchenTests;
				PRODUCT_NAME = "$(TARGET_NAME)";
				SWIFT_EMIT_LOC_STRINGS = NO;
				SWIFT_VERSION = 5.0;
				TARGETED_DEVICE_FAMILY = "1,2";
				TEST_HOST = "$(BUILT_PRODUCTS_DIR)/VeggieKitchen.app/$(BUNDLE_EXECUTABLE_FOLDER_PATH)/VeggieKitchen";
			};
			name = Debug;
		};
		CEF1FD9D2C6298BC00E016A5 /* Release */ = {
			isa = XCBuildConfiguration;
			buildSettings = {
				ALWAYS_EMBED_SWIFT_STANDARD_LIBRARIES = YES;
				BUNDLE_LOADER = "$(TEST_HOST)";
				CODE_SIGN_STYLE = Automatic;
				CURRENT_PROJECT_VERSION = 1;
				GENERATE_INFOPLIST_FILE = YES;
				IPHONEOS_DEPLOYMENT_TARGET = 17.5;
				MARKETING_VERSION = 1.0;
				PRODUCT_BUNDLE_IDENTIFIER = julie.VeggieKitchenTests;
				PRODUCT_NAME = "$(TARGET_NAME)";
				SWIFT_EMIT_LOC_STRINGS = NO;
				SWIFT_VERSION = 5.0;
				TARGETED_DEVICE_FAMILY = "1,2";
				TEST_HOST = "$(BUILT_PRODUCTS_DIR)/VeggieKitchen.app/$(BUNDLE_EXECUTABLE_FOLDER_PATH)/VeggieKitchen";
			};
			name = Release;
		};
		CEF1FD9F2C6298BC00E016A5 /* Debug */ = {
			isa = XCBuildConfiguration;
			buildSettings = {
				ALWAYS_EMBED_SWIFT_STANDARD_LIBRARIES = YES;
				CODE_SIGN_STYLE = Automatic;
				CURRENT_PROJECT_VERSION = 1;
				GENERATE_INFOPLIST_FILE = YES;
				MARKETING_VERSION = 1.0;
				PRODUCT_BUNDLE_IDENTIFIER = julie.VeggieKitchenUITests;
				PRODUCT_NAME = "$(TARGET_NAME)";
				SWIFT_EMIT_LOC_STRINGS = NO;
				SWIFT_VERSION = 5.0;
				TARGETED_DEVICE_FAMILY = "1,2";
				TEST_TARGET_NAME = VeggieKitchen;
			};
			name = Debug;
		};
		CEF1FDA02C6298BC00E016A5 /* Release */ = {
			isa = XCBuildConfiguration;
			buildSettings = {
				ALWAYS_EMBED_SWIFT_STANDARD_LIBRARIES = YES;
				CODE_SIGN_STYLE = Automatic;
				CURRENT_PROJECT_VERSION = 1;
				GENERATE_INFOPLIST_FILE = YES;
				MARKETING_VERSION = 1.0;
				PRODUCT_BUNDLE_IDENTIFIER = julie.VeggieKitchenUITests;
				PRODUCT_NAME = "$(TARGET_NAME)";
				SWIFT_EMIT_LOC_STRINGS = NO;
				SWIFT_VERSION = 5.0;
				TARGETED_DEVICE_FAMILY = "1,2";
				TEST_TARGET_NAME = VeggieKitchen;
			};
			name = Release;
		};
/* End XCBuildConfiguration section */

/* Begin XCConfigurationList section */
		CEF1FD6D2C6298B900E016A5 /* Build configuration list for PBXProject "VeggieKitchen" */ = {
			isa = XCConfigurationList;
			buildConfigurations = (
				CEF1FD962C6298BC00E016A5 /* Debug */,
				CEF1FD972C6298BC00E016A5 /* Release */,
			);
			defaultConfigurationIsVisible = 0;
			defaultConfigurationName = Release;
		};
		CEF1FD982C6298BC00E016A5 /* Build configuration list for PBXNativeTarget "VeggieKitchen" */ = {
			isa = XCConfigurationList;
			buildConfigurations = (
				CEF1FD992C6298BC00E016A5 /* Debug */,
				CEF1FD9A2C6298BC00E016A5 /* Release */,
			);
			defaultConfigurationIsVisible = 0;
			defaultConfigurationName = Release;
		};
		CEF1FD9B2C6298BC00E016A5 /* Build configuration list for PBXNativeTarget "VeggieKitchenTests" */ = {
			isa = XCConfigurationList;
			buildConfigurations = (
				CEF1FD9C2C6298BC00E016A5 /* Debug */,
				CEF1FD9D2C6298BC00E016A5 /* Release */,
			);
			defaultConfigurationIsVisible = 0;
			defaultConfigurationName = Release;
		};
		CEF1FD9E2C6298BC00E016A5 /* Build configuration list for PBXNativeTarget "VeggieKitchenUITests" */ = {
			isa = XCConfigurationList;
			buildConfigurations = (
				CEF1FD9F2C6298BC00E016A5 /* Debug */,
				CEF1FDA02C6298BC00E016A5 /* Release */,
			);
			defaultConfigurationIsVisible = 0;
			defaultConfigurationName = Release;
		};
/* End XCConfigurationList section */
	};
	rootObject = CEF1FD6A2C6298B900E016A5 /* Project object */;
}
